
Microsoft Visual Studio Solution File, Format Version 12.00
# Visual Studio 15
VisualStudioVersion = 15.0.28010.2003
MinimumVisualStudioVersion = 10.0.40219.1
Project("{FAE04EC0-301F-11D3-BF4B-00C04F79EFBC}") = "Sudoku", "Sudoku\Sudoku.csproj", "{9293904C-13E3-471C-B4AB-0933BF5E5122}"
EndProject
Global
	GlobalSection(SolutionConfigurationPlatforms) = preSolution
		Debug|Any CPU = Debug|Any CPU
		Release|Any CPU = Release|Any CPU
	EndGlobalSection
	GlobalSection(ProjectConfigurationPlatforms) = postSolution
		{9293904C-13E3-471C-B4AB-0933BF5E5122}.Debug|Any CPU.ActiveCfg = Debug|Any CPU
		{9293904C-13E3-471C-B4AB-0933BF5E5122}.Debug|Any CPU.Build.0 = Debug|Any CPU
		{9293904C-13E3-471C-B4AB-0933BF5E5122}.Release|Any CPU.ActiveCfg = Release|Any CPU
		{9293904C-13E3-471C-B4AB-0933BF5E5122}.Release|Any CPU.Build.0 = Release|Any CPU
	EndGlobalSection
	GlobalSection(SolutionProperties) = preSolution
		HideSolutionNode = FALSE
	EndGlobalSection
	GlobalSection(ExtensibilityGlobals) = postSolution
		SolutionGuid = {9C5E4F8B-E4C7-4DB6-A0B4-0101993D1BF9}
	EndGlobalSection
EndGlobal
